
Microsoft Visual Studio Solution File, Format Version 12.00
# Visual Studio 2013
VisualStudioVersion = 12.0.30723.0
MinimumVisualStudioVersion = 10.0.40219.1
Project("{FAE04EC0-301F-11D3-BF4B-00C04F79EFBC}") = "goexw", "goexw\goexw.csproj", "{D3C461F1-F94A-4A49-852F-812B90E2B206}"
EndProject
Project("{FAE04EC0-301F-11D3-BF4B-00C04F79EFBC}") = "goexw.Tests", "goexw.Tests\goexw.Tests.csproj", "{5A53CDAD-066C-4655-80EA-58FD1E525B13}"
EndProject
Project("{FAE04EC0-301F-11D3-BF4B-00C04F79EFBC}") = "Resources", "Resources\Resources.csproj", "{43173206-7466-4A1C-B544-6A090F7D737E}"
EndProject
Global
	GlobalSection(SolutionConfigurationPlatforms) = preSolution
		Debug|Any CPU = Debug|Any CPU
		Release|Any CPU = Release|Any CPU
	EndGlobalSection
	GlobalSection(ProjectConfigurationPlatforms) = postSolution
		{D3C461F1-F94A-4A49-852F-812B90E2B206}.Debug|Any CPU.ActiveCfg = Debug|Any CPU
		{D3C461F1-F94A-4A49-852F-812B90E2B206}.Debug|Any CPU.Build.0 = Debug|Any CPU
		{D3C461F1-F94A-4A49-852F-812B90E2B206}.Release|Any CPU.ActiveCfg = Release|Any CPU
		{D3C461F1-F94A-4A49-852F-812B90E2B206}.Release|Any CPU.Build.0 = Release|Any CPU
		{5A53CDAD-066C-4655-80EA-58FD1E525B13}.Debug|Any CPU.ActiveCfg = Debug|Any CPU
		{5A53CDAD-066C-4655-80EA-58FD1E525B13}.Debug|Any CPU.Build.0 = Debug|Any CPU
		{5A53CDAD-066C-4655-80EA-58FD1E525B13}.Release|Any CPU.ActiveCfg = Release|Any CPU
		{5A53CDAD-066C-4655-80EA-58FD1E525B13}.Release|Any CPU.Build.0 = Release|Any CPU
		{43173206-7466-4A1C-B544-6A090F7D737E}.Debug|Any CPU.ActiveCfg = Debug|Any CPU
		{43173206-7466-4A1C-B544-6A090F7D737E}.Debug|Any CPU.Build.0 = Debug|Any CPU
		{43173206-7466-4A1C-B544-6A090F7D737E}.Release|Any CPU.ActiveCfg = Release|Any CPU
		{43173206-7466-4A1C-B544-6A090F7D737E}.Release|Any CPU.Build.0 = Release|Any CPU
	EndGlobalSection
	GlobalSection(SolutionProperties) = preSolution
		HideSolutionNode = FALSE
	EndGlobalSection
EndGlobal
