
Microsoft Visual Studio Solution File, Format Version 12.00
# Visual Studio 2012
Project("{FAE04EC0-301F-11D3-BF4B-00C04F79EFBC}") = "goexw", "web\goexw.csproj", "{AA2F3D84-378E-424F-869F-3AFF3672DCB2}"
EndProject
Project("{FAE04EC0-301F-11D3-BF4B-00C04F79EFBC}") = "goexw.Tests", "test\goexw.Tests.csproj", "{5E6B34F0-3321-44DE-8EED-44E51EA9545E}"
EndProject
Global
	GlobalSection(SolutionConfigurationPlatforms) = preSolution
		Debug|Any CPU = Debug|Any CPU
		Release|Any CPU = Release|Any CPU
	EndGlobalSection
	GlobalSection(ProjectConfigurationPlatforms) = postSolution
		{AA2F3D84-378E-424F-869F-3AFF3672DCB2}.Debug|Any CPU.ActiveCfg = Debug|Any CPU
		{AA2F3D84-378E-424F-869F-3AFF3672DCB2}.Debug|Any CPU.Build.0 = Debug|Any CPU
		{AA2F3D84-378E-424F-869F-3AFF3672DCB2}.Release|Any CPU.ActiveCfg = Release|Any CPU
		{AA2F3D84-378E-424F-869F-3AFF3672DCB2}.Release|Any CPU.Build.0 = Release|Any CPU
		{5E6B34F0-3321-44DE-8EED-44E51EA9545E}.Debug|Any CPU.ActiveCfg = Debug|Any CPU
		{5E6B34F0-3321-44DE-8EED-44E51EA9545E}.Debug|Any CPU.Build.0 = Debug|Any CPU
		{5E6B34F0-3321-44DE-8EED-44E51EA9545E}.Release|Any CPU.ActiveCfg = Release|Any CPU
		{5E6B34F0-3321-44DE-8EED-44E51EA9545E}.Release|Any CPU.Build.0 = Release|Any CPU
	EndGlobalSection
	GlobalSection(SolutionProperties) = preSolution
		HideSolutionNode = FALSE
	EndGlobalSection
EndGlobal
