
Microsoft Visual Studio Solution File, Format Version 12.00
# Visual Studio 2013
VisualStudioVersion = 12.0.31101.0
MinimumVisualStudioVersion = 10.0.40219.1
Project("{FAE04EC0-301F-11D3-BF4B-00C04F79EFBC}") = "MvcWebApp", "MvcWebApp\MvcWebApp.csproj", "{2E002E57-F112-4FED-8895-59AA05032147}"
EndProject
Project("{2150E333-8FDC-42A3-9474-1A3956D46DE8}") = "Deployments", "Deployments", "{173B00F6-35F7-4867-9F52-EF9A6A261664}"
	ProjectSection(SolutionItems) = preProject
		Deployments\pensunhaierdemo.cer = Deployments\pensunhaierdemo.cer
		Deployments\Seller-HaierB2BDemo.chinacloudsites.cn.PublishSettings = Deployments\Seller-HaierB2BDemo.chinacloudsites.cn.PublishSettings
	EndProjectSection
EndProject
Global
	GlobalSection(SolutionConfigurationPlatforms) = preSolution
		Debug|Any CPU = Debug|Any CPU
		Release|Any CPU = Release|Any CPU
	EndGlobalSection
	GlobalSection(ProjectConfigurationPlatforms) = postSolution
		{2E002E57-F112-4FED-8895-59AA05032147}.Debug|Any CPU.ActiveCfg = Debug|Any CPU
		{2E002E57-F112-4FED-8895-59AA05032147}.Debug|Any CPU.Build.0 = Debug|Any CPU
		{2E002E57-F112-4FED-8895-59AA05032147}.Release|Any CPU.ActiveCfg = Release|Any CPU
		{2E002E57-F112-4FED-8895-59AA05032147}.Release|Any CPU.Build.0 = Release|Any CPU
	EndGlobalSection
	GlobalSection(SolutionProperties) = preSolution
		HideSolutionNode = FALSE
	EndGlobalSection
EndGlobal
